
Microsoft Visual Studio Solution File, Format Version 12.00
# Visual Studio Version 17
VisualStudioVersion = 17.2.32630.192
MinimumVisualStudioVersion = 10.0.40219.1
Project("{FAE04EC0-301F-11D3-BF4B-00C04F79EFBC}") = "ColorThief.ImageSharp", "ColorThief.ImageSharp\ColorThief.ImageSharp.csproj", "{F7256863-59E2-43EE-9A53-1DAA1C0A7A30}"
EndProject
Project("{FAE04EC0-301F-11D3-BF4B-00C04F79EFBC}") = "ColorThief.ImageSharp.Shared", "ColorThief.ImageSharp.Shared\ColorThief.ImageSharp.Shared.csproj", "{28DA1F5F-A847-4B50-916B-90A665FDE7EB}"
EndProject
Project("{FAE04EC0-301F-11D3-BF4B-00C04F79EFBC}") = "ColorThief.ImageSharp.Test", "ColorThief.ImageSharp.Test\ColorThief.ImageSharp.Test.csproj", "{7F961C8D-F492-45D2-88AD-4A3B103417F7}"
EndProject
Global
	GlobalSection(SolutionConfigurationPlatforms) = preSolution
		Debug|Any CPU = Debug|Any CPU
		Release|Any CPU = Release|Any CPU
	EndGlobalSection
	GlobalSection(ProjectConfigurationPlatforms) = postSolution
		{F7256863-59E2-43EE-9A53-1DAA1C0A7A30}.Debug|Any CPU.ActiveCfg = Debug|Any CPU
		{F7256863-59E2-43EE-9A53-1DAA1C0A7A30}.Debug|Any CPU.Build.0 = Debug|Any CPU
		{F7256863-59E2-43EE-9A53-1DAA1C0A7A30}.Release|Any CPU.ActiveCfg = Release|Any CPU
		{F7256863-59E2-43EE-9A53-1DAA1C0A7A30}.Release|Any CPU.Build.0 = Release|Any CPU
		{28DA1F5F-A847-4B50-916B-90A665FDE7EB}.Debug|Any CPU.ActiveCfg = Debug|Any CPU
		{28DA1F5F-A847-4B50-916B-90A665FDE7EB}.Debug|Any CPU.Build.0 = Debug|Any CPU
		{28DA1F5F-A847-4B50-916B-90A665FDE7EB}.Release|Any CPU.ActiveCfg = Release|Any CPU
		{28DA1F5F-A847-4B50-916B-90A665FDE7EB}.Release|Any CPU.Build.0 = Release|Any CPU
		{7F961C8D-F492-45D2-88AD-4A3B103417F7}.Debug|Any CPU.ActiveCfg = Debug|Any CPU
		{7F961C8D-F492-45D2-88AD-4A3B103417F7}.Debug|Any CPU.Build.0 = Debug|Any CPU
		{7F961C8D-F492-45D2-88AD-4A3B103417F7}.Release|Any CPU.ActiveCfg = Release|Any CPU
		{7F961C8D-F492-45D2-88AD-4A3B103417F7}.Release|Any CPU.Build.0 = Release|Any CPU
	EndGlobalSection
	GlobalSection(SolutionProperties) = preSolution
		HideSolutionNode = FALSE
	EndGlobalSection
	GlobalSection(ExtensibilityGlobals) = postSolution
		SolutionGuid = {C3251088-6315-4CF9-A063-49EC74488EAA}
	EndGlobalSection
EndGlobal
